
Microsoft Visual Studio Solution File, Format Version 12.00
# Visual Studio Version 16
VisualStudioVersion = 16.0.30717.126
MinimumVisualStudioVersion = 10.0.40219.1
Project("{FAE04EC0-301F-11D3-BF4B-00C04F79EFBC}") = "Practica_No3", "Practica_No3\Practica_No3.csproj", "{B9B5FDF4-3CE5-45B7-8FA6-861DCED941AA}"
EndProject
Global
	GlobalSection(SolutionConfigurationPlatforms) = preSolution
		Debug|Any CPU = Debug|Any CPU
		Release|Any CPU = Release|Any CPU
	EndGlobalSection
	GlobalSection(ProjectConfigurationPlatforms) = postSolution
		{B9B5FDF4-3CE5-45B7-8FA6-861DCED941AA}.Debug|Any CPU.ActiveCfg = Debug|Any CPU
		{B9B5FDF4-3CE5-45B7-8FA6-861DCED941AA}.Debug|Any CPU.Build.0 = Debug|Any CPU
		{B9B5FDF4-3CE5-45B7-8FA6-861DCED941AA}.Release|Any CPU.ActiveCfg = Release|Any CPU
		{B9B5FDF4-3CE5-45B7-8FA6-861DCED941AA}.Release|Any CPU.Build.0 = Release|Any CPU
	EndGlobalSection
	GlobalSection(SolutionProperties) = preSolution
		HideSolutionNode = FALSE
	EndGlobalSection
	GlobalSection(ExtensibilityGlobals) = postSolution
		SolutionGuid = {C24971A5-D524-45E9-BEA8-1696D9D09FDF}
	EndGlobalSection
EndGlobal
