
Microsoft Visual Studio Solution File, Format Version 12.00
# Visual Studio Version 16
VisualStudioVersion = 16.0.31702.278
MinimumVisualStudioVersion = 10.0.40219.1
Project("{FAE04EC0-301F-11D3-BF4B-00C04F79EFBC}") = "NetBanking", "NetBanking\NetBanking.csproj", "{7321741A-AB8D-47D5-8341-FD2A304B49B5}"
EndProject
Global
	GlobalSection(SolutionConfigurationPlatforms) = preSolution
		Debug|Any CPU = Debug|Any CPU
		Release|Any CPU = Release|Any CPU
	EndGlobalSection
	GlobalSection(ProjectConfigurationPlatforms) = postSolution
		{7321741A-AB8D-47D5-8341-FD2A304B49B5}.Debug|Any CPU.ActiveCfg = Debug|Any CPU
		{7321741A-AB8D-47D5-8341-FD2A304B49B5}.Debug|Any CPU.Build.0 = Debug|Any CPU
		{7321741A-AB8D-47D5-8341-FD2A304B49B5}.Release|Any CPU.ActiveCfg = Release|Any CPU
		{7321741A-AB8D-47D5-8341-FD2A304B49B5}.Release|Any CPU.Build.0 = Release|Any CPU
	EndGlobalSection
	GlobalSection(SolutionProperties) = preSolution
		HideSolutionNode = FALSE
	EndGlobalSection
	GlobalSection(ExtensibilityGlobals) = postSolution
		SolutionGuid = {AB750AC1-77E6-41FC-9AF2-BF851E567D4F}
	EndGlobalSection
EndGlobal
